
Microsoft Visual Studio Solution File, Format Version 12.00
# Visual Studio Version 16
VisualStudioVersion = 16.0.29709.97
MinimumVisualStudioVersion = 10.0.40219.1
Project("{9092AA53-FB77-4645-B42D-1CCCA6BD08BD}") = "tanovex", "tanovex\tanovex.njsproj", "{2A8F8249-EC9B-4907-ADF0-7F1E7A5EC10A}"
EndProject
Global
	GlobalSection(SolutionConfigurationPlatforms) = preSolution
		Debug|Any CPU = Debug|Any CPU
		Release|Any CPU = Release|Any CPU
	EndGlobalSection
	GlobalSection(ProjectConfigurationPlatforms) = postSolution
		{2A8F8249-EC9B-4907-ADF0-7F1E7A5EC10A}.Debug|Any CPU.ActiveCfg = Debug|Any CPU
		{2A8F8249-EC9B-4907-ADF0-7F1E7A5EC10A}.Debug|Any CPU.Build.0 = Debug|Any CPU
		{2A8F8249-EC9B-4907-ADF0-7F1E7A5EC10A}.Release|Any CPU.ActiveCfg = Release|Any CPU
		{2A8F8249-EC9B-4907-ADF0-7F1E7A5EC10A}.Release|Any CPU.Build.0 = Release|Any CPU
	EndGlobalSection
	GlobalSection(SolutionProperties) = preSolution
		HideSolutionNode = FALSE
	EndGlobalSection
	GlobalSection(ExtensibilityGlobals) = postSolution
		SolutionGuid = {408E93F3-77B3-449B-B250-AF282DCD9E10}
	EndGlobalSection
EndGlobal
